{
  "originHash" : "26b092aa203a7a93f2fb0c339a9c36fb82510378c27ae03fd401f6c1a8f0fb80",
  "pins" : [
    {
      "identity" : "macroessentials",
      "kind" : "remoteSourceControl",
      "location" : "https://github.com/Vaida12345/MacroEssentials",
      "state" : {
        "revision" : "7c9b1fac6d237c24523627378704717a900c3c9d",
        "version" : "1.0.0"
      }
    },
    {
      "identity" : "swift-syntax",
      "kind" : "remoteSourceControl",
      "location" : "https://github.com/apple/swift-syntax.git",
      "state" : {
        "revision" : "f99ae8aa18f0cf0d53481901f88a0991dc3bd4a2",
        "version" : "601.0.1"
      }
    }
  ],
  "version" : 3
}
