{
  "originHash" : "44fce87e3ac311e0f3e26b20b79d16b58c673ad236d0e481f59dc3d6839bd288",
  "pins" : [
    {
      "identity" : "macroessentials",
      "kind" : "remoteSourceControl",
      "location" : "https://github.com/Vaida12345/MacroEssentials.git",
      "state" : {
        "revision" : "fa06b2872fe3b5407de81f4de432406b0b73120f",
        "version" : "1.0.2"
      }
    },
    {
      "identity" : "swift-syntax",
      "kind" : "remoteSourceControl",
      "location" : "https://github.com/apple/swift-syntax.git",
      "state" : {
        "revision" : "4799286537280063c85a32f09884cfbca301b1a1",
        "version" : "602.0.0"
      }
    }
  ],
  "version" : 3
}
