{
  "originHash" : "90c6309a8ca46f62a49f86e4f0c168b2a5a01ea55c05f65cbc256bbcdb01525f",
  "pins" : [
    {
      "identity" : "macroessentials",
      "kind" : "remoteSourceControl",
      "location" : "https://www.github.com/Vaida12345/MacroEssentials",
      "state" : {
        "revision" : "7c9b1fac6d237c24523627378704717a900c3c9d",
        "version" : "1.0.0"
      }
    },
    {
      "identity" : "swift-syntax",
      "kind" : "remoteSourceControl",
      "location" : "https://www.github.com/apple/swift-syntax.git",
      "state" : {
        "revision" : "f99ae8aa18f0cf0d53481901f88a0991dc3bd4a2",
        "version" : "601.0.1"
      }
    }
  ],
  "version" : 3
}
